PODS:
  - FMDB (2.0):
    - FMDB/standard
  - FMDB/common (2.0)
  - FMDB/standard (2.0):
    - FMDB/common
  - ObjectiveSugar (0.6.2)

DEPENDENCIES:
  - FMDB
  - ObjectiveSugar

SPEC CHECKSUMS:
  FMDB: 30a7cbcdbd354f5ee1ba081a8773fd9130c43b48
  ObjectiveSugar: 50bcd329b18ab6da6457e1bf55be71acb7c39d44

COCOAPODS: 0.20.1
